
Microsoft Visual Studio Solution File, Format Version 12.00
# Visual Studio 2013
VisualStudioVersion = 12.0.30501.0
MinimumVisualStudioVersion = 10.0.40219.1
Project("{FAE04EC0-301F-11D3-BF4B-00C04F79EFBC}") = "Kbtter3", "Kbtter3\Kbtter3.csproj", "{ED977205-CEA2-45C2-A149-68E6A7C86439}"
EndProject
Project("{2150E333-8FDC-42A3-9474-1A3956D46DE8}") = ".nuget", ".nuget", "{E24B8C11-ABCB-4F4A-8AE3-0C9A2BBE7E08}"
	ProjectSection(SolutionItems) = preProject
		.nuget\NuGet.Config = .nuget\NuGet.Config
		.nuget\NuGet.exe = .nuget\NuGet.exe
		.nuget\NuGet.targets = .nuget\NuGet.targets
	EndProjectSection
EndProject
Project("{FAE04EC0-301F-11D3-BF4B-00C04F79EFBC}") = "Kbtter3.Updater", "Kbtter3.Updater\Kbtter3.Updater.csproj", "{5DD356ED-ECE1-44E6-B36E-B3BF330AD061}"
EndProject
Project("{FAE04EC0-301F-11D3-BF4B-00C04F79EFBC}") = "Kbtter3.Query", "Kbtter3.Query\Kbtter3.Query.csproj", "{8546DB30-0F0B-4378-BA4E-B0A4F71F960C}"
EndProject
Project("{FAE04EC0-301F-11D3-BF4B-00C04F79EFBC}") = "Kbtter3.Query.Test", "Kbtter3.Query.Test\Kbtter3.Query.Test.csproj", "{0085002B-0226-4A61-95D7-367FC896BEA4}"
EndProject
Global
	GlobalSection(SolutionConfigurationPlatforms) = preSolution
		Debug|Any CPU = Debug|Any CPU
		Debug|x86 = Debug|x86
		Release|Any CPU = Release|Any CPU
		Release|x86 = Release|x86
	EndGlobalSection
	GlobalSection(ProjectConfigurationPlatforms) = postSolution
		{ED977205-CEA2-45C2-A149-68E6A7C86439}.Debug|Any CPU.ActiveCfg = Debug|Any CPU
		{ED977205-CEA2-45C2-A149-68E6A7C86439}.Debug|Any CPU.Build.0 = Debug|Any CPU
		{ED977205-CEA2-45C2-A149-68E6A7C86439}.Debug|x86.ActiveCfg = Debug|x86
		{ED977205-CEA2-45C2-A149-68E6A7C86439}.Debug|x86.Build.0 = Debug|x86
		{ED977205-CEA2-45C2-A149-68E6A7C86439}.Release|Any CPU.ActiveCfg = Release|Any CPU
		{ED977205-CEA2-45C2-A149-68E6A7C86439}.Release|Any CPU.Build.0 = Release|Any CPU
		{ED977205-CEA2-45C2-A149-68E6A7C86439}.Release|x86.ActiveCfg = Release|x86
		{ED977205-CEA2-45C2-A149-68E6A7C86439}.Release|x86.Build.0 = Release|x86
		{5DD356ED-ECE1-44E6-B36E-B3BF330AD061}.Debug|Any CPU.ActiveCfg = Debug|Any CPU
		{5DD356ED-ECE1-44E6-B36E-B3BF330AD061}.Debug|Any CPU.Build.0 = Debug|Any CPU
		{5DD356ED-ECE1-44E6-B36E-B3BF330AD061}.Debug|x86.ActiveCfg = Debug|x86
		{5DD356ED-ECE1-44E6-B36E-B3BF330AD061}.Debug|x86.Build.0 = Debug|x86
		{5DD356ED-ECE1-44E6-B36E-B3BF330AD061}.Release|Any CPU.ActiveCfg = Release|Any CPU
		{5DD356ED-ECE1-44E6-B36E-B3BF330AD061}.Release|Any CPU.Build.0 = Release|Any CPU
		{5DD356ED-ECE1-44E6-B36E-B3BF330AD061}.Release|x86.ActiveCfg = Release|x86
		{5DD356ED-ECE1-44E6-B36E-B3BF330AD061}.Release|x86.Build.0 = Release|x86
		{8546DB30-0F0B-4378-BA4E-B0A4F71F960C}.Debug|Any CPU.ActiveCfg = Debug|Any CPU
		{8546DB30-0F0B-4378-BA4E-B0A4F71F960C}.Debug|Any CPU.Build.0 = Debug|Any CPU
		{8546DB30-0F0B-4378-BA4E-B0A4F71F960C}.Debug|x86.ActiveCfg = Debug|x86
		{8546DB30-0F0B-4378-BA4E-B0A4F71F960C}.Debug|x86.Build.0 = Debug|x86
		{8546DB30-0F0B-4378-BA4E-B0A4F71F960C}.Release|Any CPU.ActiveCfg = Release|Any CPU
		{8546DB30-0F0B-4378-BA4E-B0A4F71F960C}.Release|Any CPU.Build.0 = Release|Any CPU
		{8546DB30-0F0B-4378-BA4E-B0A4F71F960C}.Release|x86.ActiveCfg = Release|x86
		{8546DB30-0F0B-4378-BA4E-B0A4F71F960C}.Release|x86.Build.0 = Release|x86
		{0085002B-0226-4A61-95D7-367FC896BEA4}.Debug|Any CPU.ActiveCfg = Debug|Any CPU
		{0085002B-0226-4A61-95D7-367FC896BEA4}.Debug|Any CPU.Build.0 = Debug|Any CPU
		{0085002B-0226-4A61-95D7-367FC896BEA4}.Debug|x86.ActiveCfg = Debug|x86
		{0085002B-0226-4A61-95D7-367FC896BEA4}.Debug|x86.Build.0 = Debug|x86
		{0085002B-0226-4A61-95D7-367FC896BEA4}.Release|Any CPU.ActiveCfg = Release|Any CPU
		{0085002B-0226-4A61-95D7-367FC896BEA4}.Release|Any CPU.Build.0 = Release|Any CPU
		{0085002B-0226-4A61-95D7-367FC896BEA4}.Release|x86.ActiveCfg = Release|x86
		{0085002B-0226-4A61-95D7-367FC896BEA4}.Release|x86.Build.0 = Release|x86
	EndGlobalSection
	GlobalSection(SolutionProperties) = preSolution
		HideSolutionNode = FALSE
	EndGlobalSection
EndGlobal
